
Microsoft Visual Studio Solution File, Format Version 12.00
# Visual Studio Version 16
VisualStudioVersion = 16.0.28917.181
MinimumVisualStudioVersion = 10.0.40219.1
Project("{FAE04EC0-301F-11D3-BF4B-00C04F79EFBC}") = "ListView2", "ListView2\ListView2.csproj", "{0F1A5B39-6DE9-4CE0-9BC3-9ED4C0B71997}"
EndProject
Global
	GlobalSection(SolutionConfigurationPlatforms) = preSolution
		Debug|Any CPU = Debug|Any CPU
		Release|Any CPU = Release|Any CPU
	EndGlobalSection
	GlobalSection(ProjectConfigurationPlatforms) = postSolution
		{0F1A5B39-6DE9-4CE0-9BC3-9ED4C0B71997}.Debug|Any CPU.ActiveCfg = Debug|Any CPU
		{0F1A5B39-6DE9-4CE0-9BC3-9ED4C0B71997}.Debug|Any CPU.Build.0 = Debug|Any CPU
		{0F1A5B39-6DE9-4CE0-9BC3-9ED4C0B71997}.Release|Any CPU.ActiveCfg = Release|Any CPU
		{0F1A5B39-6DE9-4CE0-9BC3-9ED4C0B71997}.Release|Any CPU.Build.0 = Release|Any CPU
	EndGlobalSection
	GlobalSection(SolutionProperties) = preSolution
		HideSolutionNode = FALSE
	EndGlobalSection
	GlobalSection(ExtensibilityGlobals) = postSolution
		SolutionGuid = {B0F4ED90-6106-4A63-B3A7-5ED08EB39860}
	EndGlobalSection
EndGlobal
